
Microsoft Visual Studio Solution File, Format Version 11.00
# Visual Studio 2010
Project("{FAE04EC0-301F-11D3-BF4B-00C04F79EFBC}") = "Lokad.Cqrs.Portable", "Lokad.Cqrs.Portable\Lokad.Cqrs.Portable.csproj", "{4E2E749C-4D6F-4EF8-8E9D-96D467306997}"
EndProject
Project("{FAE04EC0-301F-11D3-BF4B-00C04F79EFBC}") = "Lokad.Cqrs.Portable.Tests", "Lokad.Cqrs.Portable.Tests\Lokad.Cqrs.Portable.Tests.csproj", "{96E3B247-C04C-4138-A042-7969562B4B0F}"
EndProject
Project("{FAE04EC0-301F-11D3-BF4B-00C04F79EFBC}") = "Lokad.Cqrs.Azure", "Lokad.Cqrs.Azure\Lokad.Cqrs.Azure.csproj", "{AEE2B47D-591D-42B5-8EDC-CC676A661F9D}"
EndProject
Project("{FAE04EC0-301F-11D3-BF4B-00C04F79EFBC}") = "Lokad.Cqrs.Azure.Tests", "Lokad.Cqrs.Azure.Tests\Lokad.Cqrs.Azure.Tests.csproj", "{24DA9150-1C7E-45B3-8A75-EA529081237F}"
EndProject
Project("{FAE04EC0-301F-11D3-BF4B-00C04F79EFBC}") = "Lokad.Cqrs.Composition", "Lokad.Cqrs.Composition\Lokad.Cqrs.Composition.csproj", "{F60E517D-CEE9-4F8B-9166-075FE6AA677A}"
EndProject
Project("{FAE04EC0-301F-11D3-BF4B-00C04F79EFBC}") = "Lokad.Cqrs.Composition.Tests", "Lokad.Cqrs.Composition.Tests\Lokad.Cqrs.Composition.Tests.csproj", "{0B98C38E-6C9C-4B9E-A1A7-7F38296FF39C}"
EndProject
Project("{FAE04EC0-301F-11D3-BF4B-00C04F79EFBC}") = "Snippets", "Snippets\Snippets.csproj", "{81FE0373-6BCA-4CF6-8238-AABE4D9D3E4F}"
EndProject
Global
	GlobalSection(SolutionConfigurationPlatforms) = preSolution
		Debug|Any CPU = Debug|Any CPU
		Debug|Mixed Platforms = Debug|Mixed Platforms
		Debug|x86 = Debug|x86
		Release|Any CPU = Release|Any CPU
		Release|Mixed Platforms = Release|Mixed Platforms
		Release|x86 = Release|x86
	EndGlobalSection
	GlobalSection(ProjectConfigurationPlatforms) = postSolution
		{4E2E749C-4D6F-4EF8-8E9D-96D467306997}.Debug|Any CPU.ActiveCfg = Debug|Any CPU
		{4E2E749C-4D6F-4EF8-8E9D-96D467306997}.Debug|Any CPU.Build.0 = Debug|Any CPU
		{4E2E749C-4D6F-4EF8-8E9D-96D467306997}.Debug|Mixed Platforms.ActiveCfg = Debug|Any CPU
		{4E2E749C-4D6F-4EF8-8E9D-96D467306997}.Debug|Mixed Platforms.Build.0 = Debug|Any CPU
		{4E2E749C-4D6F-4EF8-8E9D-96D467306997}.Debug|x86.ActiveCfg = Debug|Any CPU
		{4E2E749C-4D6F-4EF8-8E9D-96D467306997}.Release|Any CPU.ActiveCfg = Release|Any CPU
		{4E2E749C-4D6F-4EF8-8E9D-96D467306997}.Release|Any CPU.Build.0 = Release|Any CPU
		{4E2E749C-4D6F-4EF8-8E9D-96D467306997}.Release|Mixed Platforms.ActiveCfg = Release|Any CPU
		{4E2E749C-4D6F-4EF8-8E9D-96D467306997}.Release|Mixed Platforms.Build.0 = Release|Any CPU
		{4E2E749C-4D6F-4EF8-8E9D-96D467306997}.Release|x86.ActiveCfg = Release|Any CPU
		{96E3B247-C04C-4138-A042-7969562B4B0F}.Debug|Any CPU.ActiveCfg = Debug|Any CPU
		{96E3B247-C04C-4138-A042-7969562B4B0F}.Debug|Any CPU.Build.0 = Debug|Any CPU
		{96E3B247-C04C-4138-A042-7969562B4B0F}.Debug|Mixed Platforms.ActiveCfg = Debug|Any CPU
		{96E3B247-C04C-4138-A042-7969562B4B0F}.Debug|Mixed Platforms.Build.0 = Debug|Any CPU
		{96E3B247-C04C-4138-A042-7969562B4B0F}.Debug|x86.ActiveCfg = Debug|Any CPU
		{96E3B247-C04C-4138-A042-7969562B4B0F}.Release|Any CPU.ActiveCfg = Release|Any CPU
		{96E3B247-C04C-4138-A042-7969562B4B0F}.Release|Any CPU.Build.0 = Release|Any CPU
		{96E3B247-C04C-4138-A042-7969562B4B0F}.Release|Mixed Platforms.ActiveCfg = Release|Any CPU
		{96E3B247-C04C-4138-A042-7969562B4B0F}.Release|Mixed Platforms.Build.0 = Release|Any CPU
		{96E3B247-C04C-4138-A042-7969562B4B0F}.Release|x86.ActiveCfg = Release|Any CPU
		{AEE2B47D-591D-42B5-8EDC-CC676A661F9D}.Debug|Any CPU.ActiveCfg = Debug|Any CPU
		{AEE2B47D-591D-42B5-8EDC-CC676A661F9D}.Debug|Any CPU.Build.0 = Debug|Any CPU
		{AEE2B47D-591D-42B5-8EDC-CC676A661F9D}.Debug|Mixed Platforms.ActiveCfg = Debug|Any CPU
		{AEE2B47D-591D-42B5-8EDC-CC676A661F9D}.Debug|Mixed Platforms.Build.0 = Debug|Any CPU
		{AEE2B47D-591D-42B5-8EDC-CC676A661F9D}.Debug|x86.ActiveCfg = Debug|Any CPU
		{AEE2B47D-591D-42B5-8EDC-CC676A661F9D}.Release|Any CPU.ActiveCfg = Release|Any CPU
		{AEE2B47D-591D-42B5-8EDC-CC676A661F9D}.Release|Any CPU.Build.0 = Release|Any CPU
		{AEE2B47D-591D-42B5-8EDC-CC676A661F9D}.Release|Mixed Platforms.ActiveCfg = Release|Any CPU
		{AEE2B47D-591D-42B5-8EDC-CC676A661F9D}.Release|Mixed Platforms.Build.0 = Release|Any CPU
		{AEE2B47D-591D-42B5-8EDC-CC676A661F9D}.Release|x86.ActiveCfg = Release|Any CPU
		{24DA9150-1C7E-45B3-8A75-EA529081237F}.Debug|Any CPU.ActiveCfg = Debug|Any CPU
		{24DA9150-1C7E-45B3-8A75-EA529081237F}.Debug|Any CPU.Build.0 = Debug|Any CPU
		{24DA9150-1C7E-45B3-8A75-EA529081237F}.Debug|Mixed Platforms.ActiveCfg = Debug|Any CPU
		{24DA9150-1C7E-45B3-8A75-EA529081237F}.Debug|Mixed Platforms.Build.0 = Debug|Any CPU
		{24DA9150-1C7E-45B3-8A75-EA529081237F}.Debug|x86.ActiveCfg = Debug|Any CPU
		{24DA9150-1C7E-45B3-8A75-EA529081237F}.Release|Any CPU.ActiveCfg = Release|Any CPU
		{24DA9150-1C7E-45B3-8A75-EA529081237F}.Release|Any CPU.Build.0 = Release|Any CPU
		{24DA9150-1C7E-45B3-8A75-EA529081237F}.Release|Mixed Platforms.ActiveCfg = Release|Any CPU
		{24DA9150-1C7E-45B3-8A75-EA529081237F}.Release|Mixed Platforms.Build.0 = Release|Any CPU
		{24DA9150-1C7E-45B3-8A75-EA529081237F}.Release|x86.ActiveCfg = Release|Any CPU
		{F60E517D-CEE9-4F8B-9166-075FE6AA677A}.Debug|Any CPU.ActiveCfg = Debug|Any CPU
		{F60E517D-CEE9-4F8B-9166-075FE6AA677A}.Debug|Any CPU.Build.0 = Debug|Any CPU
		{F60E517D-CEE9-4F8B-9166-075FE6AA677A}.Debug|Mixed Platforms.ActiveCfg = Debug|Any CPU
		{F60E517D-CEE9-4F8B-9166-075FE6AA677A}.Debug|Mixed Platforms.Build.0 = Debug|Any CPU
		{F60E517D-CEE9-4F8B-9166-075FE6AA677A}.Debug|x86.ActiveCfg = Debug|Any CPU
		{F60E517D-CEE9-4F8B-9166-075FE6AA677A}.Release|Any CPU.ActiveCfg = Release|Any CPU
		{F60E517D-CEE9-4F8B-9166-075FE6AA677A}.Release|Any CPU.Build.0 = Release|Any CPU
		{F60E517D-CEE9-4F8B-9166-075FE6AA677A}.Release|Mixed Platforms.ActiveCfg = Release|Any CPU
		{F60E517D-CEE9-4F8B-9166-075FE6AA677A}.Release|Mixed Platforms.Build.0 = Release|Any CPU
		{F60E517D-CEE9-4F8B-9166-075FE6AA677A}.Release|x86.ActiveCfg = Release|Any CPU
		{0B98C38E-6C9C-4B9E-A1A7-7F38296FF39C}.Debug|Any CPU.ActiveCfg = Debug|Any CPU
		{0B98C38E-6C9C-4B9E-A1A7-7F38296FF39C}.Debug|Any CPU.Build.0 = Debug|Any CPU
		{0B98C38E-6C9C-4B9E-A1A7-7F38296FF39C}.Debug|Mixed Platforms.ActiveCfg = Debug|Any CPU
		{0B98C38E-6C9C-4B9E-A1A7-7F38296FF39C}.Debug|Mixed Platforms.Build.0 = Debug|Any CPU
		{0B98C38E-6C9C-4B9E-A1A7-7F38296FF39C}.Debug|x86.ActiveCfg = Debug|Any CPU
		{0B98C38E-6C9C-4B9E-A1A7-7F38296FF39C}.Release|Any CPU.ActiveCfg = Release|Any CPU
		{0B98C38E-6C9C-4B9E-A1A7-7F38296FF39C}.Release|Any CPU.Build.0 = Release|Any CPU
		{0B98C38E-6C9C-4B9E-A1A7-7F38296FF39C}.Release|Mixed Platforms.ActiveCfg = Release|Any CPU
		{0B98C38E-6C9C-4B9E-A1A7-7F38296FF39C}.Release|Mixed Platforms.Build.0 = Release|Any CPU
		{0B98C38E-6C9C-4B9E-A1A7-7F38296FF39C}.Release|x86.ActiveCfg = Release|Any CPU
		{81FE0373-6BCA-4CF6-8238-AABE4D9D3E4F}.Debug|Any CPU.ActiveCfg = Debug|Any CPU
		{81FE0373-6BCA-4CF6-8238-AABE4D9D3E4F}.Debug|Any CPU.Build.0 = Debug|Any CPU
		{81FE0373-6BCA-4CF6-8238-AABE4D9D3E4F}.Debug|Mixed Platforms.ActiveCfg = Debug|Any CPU
		{81FE0373-6BCA-4CF6-8238-AABE4D9D3E4F}.Debug|Mixed Platforms.Build.0 = Debug|Any CPU
		{81FE0373-6BCA-4CF6-8238-AABE4D9D3E4F}.Debug|x86.ActiveCfg = Debug|Any CPU
		{81FE0373-6BCA-4CF6-8238-AABE4D9D3E4F}.Release|Any CPU.ActiveCfg = Release|Any CPU
		{81FE0373-6BCA-4CF6-8238-AABE4D9D3E4F}.Release|Any CPU.Build.0 = Release|Any CPU
		{81FE0373-6BCA-4CF6-8238-AABE4D9D3E4F}.Release|Mixed Platforms.ActiveCfg = Release|Any CPU
		{81FE0373-6BCA-4CF6-8238-AABE4D9D3E4F}.Release|Mixed Platforms.Build.0 = Release|Any CPU
		{81FE0373-6BCA-4CF6-8238-AABE4D9D3E4F}.Release|x86.ActiveCfg = Release|Any CPU
	EndGlobalSection
	GlobalSection(SolutionProperties) = preSolution
		HideSolutionNode = FALSE
	EndGlobalSection
EndGlobal
